// !$*UTF8*$!
{
	archiveVersion = 1;
	classes = {
	};
	objectVersion = 46;
	objects = {

/* Begin PBXBuildFile section */
		182262E219A7AADB00A4AD7F /* baza.xcdatamodeld in Sources */ = {isa = PBXBuildFile; fileRef = 182262E019A7AADB00A4AD7F /* baza.xcdatamodeld */; };
		182262E519A7AF8500A4AD7F /* jelo.m in Sources */ = {isa = PBXBuildFile; fileRef = 182262E419A7AF8500A4AD7F /* jelo.m */; };
		761F948A19A639DC0075C733 /* Foundation.framework in Frameworks */ = {isa = PBXBuildFile; fileRef = 761F948919A639DC0075C733 /* Foundation.framework */; };
		761F948C19A639DC0075C733 /* CoreGraphics.framework in Frameworks */ = {isa = PBXBuildFile; fileRef = 761F948B19A639DC0075C733 /* CoreGraphics.framework */; };
		761F948E19A639DC0075C733 /* UIKit.framework in Frameworks */ = {isa = PBXBuildFile; fileRef = 761F948D19A639DC0075C733 /* UIKit.framework */; };
		761F949419A639DC0075C733 /* InfoPlist.strings in Resources */ = {isa = PBXBuildFile; fileRef = 761F949219A639DC0075C733 /* InfoPlist.strings */; };
		761F949619A639DC0075C733 /* main.m in Sources */ = {isa = PBXBuildFile; fileRef = 761F949519A639DC0075C733 /* main.m */; };
		761F949A19A639DC0075C733 /* AppDelegate.m in Sources */ = {isa = PBXBuildFile; fileRef = 761F949919A639DC0075C733 /* AppDelegate.m */; };
		761F949D19A639DC0075C733 /* Main.storyboard in Resources */ = {isa = PBXBuildFile; fileRef = 761F949B19A639DC0075C733 /* Main.storyboard */; };
		761F94A019A639DC0075C733 /* FirstViewController.m in Sources */ = {isa = PBXBuildFile; fileRef = 761F949F19A639DC0075C733 /* FirstViewController.m */; };
		761F94A319A639DC0075C733 /* SecondViewController.m in Sources */ = {isa = PBXBuildFile; fileRef = 761F94A219A639DC0075C733 /* SecondViewController.m */; };
		761F94A519A639DC0075C733 /* Images.xcassets in Resources */ = {isa = PBXBuildFile; fileRef = 761F94A419A639DC0075C733 /* Images.xcassets */; };
		761F94AC19A639DC0075C733 /* XCTest.framework in Frameworks */ = {isa = PBXBuildFile; fileRef = 761F94AB19A639DC0075C733 /* XCTest.framework */; };
		761F94AD19A639DC0075C733 /* Foundation.framework in Frameworks */ = {isa = PBXBuildFile; fileRef = 761F948919A639DC0075C733 /* Foundation.framework */; };
		761F94AE19A639DC0075C733 /* UIKit.framework in Frameworks */ = {isa = PBXBuildFile; fileRef = 761F948D19A639DC0075C733 /* UIKit.framework */; };
		761F94B619A639DC0075C733 /* InfoPlist.strings in Resources */ = {isa = PBXBuildFile; fileRef = 761F94B419A639DC0075C733 /* InfoPlist.strings */; };
		761F94B819A639DC0075C733 /* iChefTests.m in Sources */ = {isa = PBXBuildFile; fileRef = 761F94B719A639DC0075C733 /* iChefTests.m */; };
		768EEE3919A9E559002F90A7 /* ReceptiTableViewCell.m in Sources */ = {isa = PBXBuildFile; fileRef = 768EEE3819A9E559002F90A7 /* ReceptiTableViewCell.m */; };
		768EEE3C19A9EF8D002F90A7 /* ReceptiSlatkaTableViewController.m in Sources */ = {isa = PBXBuildFile; fileRef = 768EEE3B19A9EF8D002F90A7 /* ReceptiSlatkaTableViewController.m */; };
		768EEE3F19A9EFD7002F90A7 /* ReceptiSlatkaTableViewCell.m in Sources */ = {isa = PBXBuildFile; fileRef = 768EEE3E19A9EFD7002F90A7 /* ReceptiSlatkaTableViewCell.m */; };
		CD91FC5F19ACE8B800969183 /* ReceptiSlanaTableViewController.m in Sources */ = {isa = PBXBuildFile; fileRef = CD91FC5E19ACAE5B00969183 /* ReceptiSlanaTableViewController.m */; };
		CD91FC6219ACEE2100969183 /* slanaDetalji.m in Sources */ = {isa = PBXBuildFile; fileRef = CD91FC6119ACEE2100969183 /* slanaDetalji.m */; };
		CD94C47B19ADF09200B948DA /* slatkaKategorijaCell.m in Sources */ = {isa = PBXBuildFile; fileRef = CD94C47A19ADF09200B948DA /* slatkaKategorijaCell.m */; };
		CD94C47E19AE043400B948DA /* slatkaDetalji.m in Sources */ = {isa = PBXBuildFile; fileRef = CD94C47D19AE043400B948DA /* slatkaDetalji.m */; };
		CD94C48119AE0EF200B948DA /* pretraga.m in Sources */ = {isa = PBXBuildFile; fileRef = CD94C48019AE0EF200B948DA /* pretraga.m */; };
		CD94C48419AE110000B948DA /* pretragaCell.m in Sources */ = {isa = PBXBuildFile; fileRef = CD94C48319AE110000B948DA /* pretragaCell.m */; };
		CD94C48719AE71E100B948DA /* Jela.m in Sources */ = {isa = PBXBuildFile; fileRef = CD94C48619AE71E100B948DA /* Jela.m */; };
		CD94C48919AE760100B948DA /* CoreData.framework in Frameworks */ = {isa = PBXBuildFile; fileRef = CD94C48819AE760100B948DA /* CoreData.framework */; };
		CD94C48A19AE767D00B948DA /* CoreData.framework in Frameworks */ = {isa = PBXBuildFile; fileRef = CD94C48819AE760100B948DA /* CoreData.framework */; };
		CDEC9CCE19AB970100A9CF53 /* slanaKategorijaCell.m in Sources */ = {isa = PBXBuildFile; fileRef = CDEC9CCD19AB970100A9CF53 /* slanaKategorijaCell.m */; };
/* End PBXBuildFile section */

/* Begin PBXContainerItemProxy section */
		761F94AF19A639DC0075C733 /* PBXContainerItemProxy */ = {
			isa = PBXContainerItemProxy;
			containerPortal = 761F947E19A639DC0075C733 /* Project object */;
			proxyType = 1;
			remoteGlobalIDString = 761F948519A639DC0075C733;
			remoteInfo = iChef;
		};
/* End PBXContainerItemProxy section */

/* Begin PBXFileReference section */
		182262E119A7AADB00A4AD7F /* baza.xcdatamodel */ = {isa = PBXFileReference; lastKnownFileType = wrapper.xcdatamodel; path = baza.xcdatamodel; sourceTree = "<group>"; };
		182262E319A7AF8500A4AD7F /* jelo.h */ = {isa = PBXFileReference; fileEncoding = 4; lastKnownFileType = sourcecode.c.h; path = jelo.h; sourceTree = "<group>"; };
		182262E419A7AF8500A4AD7F /* jelo.m */ = {isa = PBXFileReference; fileEncoding = 4; lastKnownFileType = sourcecode.c.objc; path = jelo.m; sourceTree = "<group>"; };
		761F948619A639DC0075C733 /* iChef.app */ = {isa = PBXFileReference; explicitFileType = wrapper.application; includeInIndex = 0; path = iChef.app; sourceTree = BUILT_PRODUCTS_DIR; };
		761F948919A639DC0075C733 /* Foundation.framework */ = {isa = PBXFileReference; lastKnownFileType = wrapper.framework; name = Foundation.framework; path = System/Library/Frameworks/Foundation.framework; sourceTree = SDKROOT; };
		761F948B19A639DC0075C733 /* CoreGraphics.framework */ = {isa = PBXFileReference; lastKnownFileType = wrapper.framework; name = CoreGraphics.framework; path = System/Library/Frameworks/CoreGraphics.framework; sourceTree = SDKROOT; };
		761F948D19A639DC0075C733 /* UIKit.framework */ = {isa = PBXFileReference; lastKnownFileType = wrapper.framework; name = UIKit.framework; path = System/Library/Frameworks/UIKit.framework; sourceTree = SDKROOT; };
		761F949119A639DC0075C733 /* iChef-Info.plist */ = {isa = PBXFileReference; lastKnownFileType = text.plist.xml; path = "iChef-Info.plist"; sourceTree = "<group>"; };
		761F949319A639DC0075C733 /* en */ = {isa = PBXFileReference; lastKnownFileType = text.plist.strings; name = en; path = en.lproj/InfoPlist.strings; sourceTree = "<group>"; };
		761F949519A639DC0075C733 /* main.m */ = {isa = PBXFileReference; lastKnownFileType = sourcecode.c.objc; path = main.m; sourceTree = "<group>"; };
		761F949719A639DC0075C733 /* iChef-Prefix.pch */ = {isa = PBXFileReference; lastKnownFileType = sourcecode.c.h; path = "iChef-Prefix.pch"; sourceTree = "<group>"; };
		761F949819A639DC0075C733 /* AppDelegate.h */ = {isa = PBXFileReference; lastKnownFileType = sourcecode.c.h; path = AppDelegate.h; sourceTree = "<group>"; };
		761F949919A639DC0075C733 /* AppDelegate.m */ = {isa = PBXFileReference; lastKnownFileType = sourcecode.c.objc; path = AppDelegate.m; sourceTree = "<group>"; };
		761F949C19A639DC0075C733 /* Base */ = {isa = PBXFileReference; lastKnownFileType = file.storyboard; name = Base; path = Base.lproj/Main.storyboard; sourceTree = "<group>"; };
		761F949E19A639DC0075C733 /* FirstViewController.h */ = {isa = PBXFileReference; lastKnownFileType = sourcecode.c.h; path = FirstViewController.h; sourceTree = "<group>"; };
		761F949F19A639DC0075C733 /* FirstViewController.m */ = {isa = PBXFileReference; lastKnownFileType = sourcecode.c.objc; path = FirstViewController.m; sourceTree = "<group>"; };
		761F94A119A639DC0075C733 /* SecondViewController.h */ = {isa = PBXFileReference; lastKnownFileType = sourcecode.c.h; path = SecondViewController.h; sourceTree = "<group>"; };
		761F94A219A639DC0075C733 /* SecondViewController.m */ = {isa = PBXFileReference; lastKnownFileType = sourcecode.c.objc; path = SecondViewController.m; sourceTree = "<group>"; };
		761F94A419A639DC0075C733 /* Images.xcassets */ = {isa = PBXFileReference; lastKnownFileType = folder.assetcatalog; path = Images.xcassets; sourceTree = "<group>"; };
		761F94AA19A639DC0075C733 /* iChefTests.xctest */ = {isa = PBXFileReference; explicitFileType = wrapper.cfbundle; includeInIndex = 0; path = iChefTests.xctest; sourceTree = BUILT_PRODUCTS_DIR; };
		761F94AB19A639DC0075C733 /* XCTest.framework */ = {isa = PBXFileReference; lastKnownFileType = wrapper.framework; name = XCTest.framework; path = Library/Frameworks/XCTest.framework; sourceTree = DEVELOPER_DIR; };
		761F94B319A639DC0075C733 /* iChefTests-Info.plist */ = {isa = PBXFileReference; lastKnownFileType = text.plist.xml; path = "iChefTests-Info.plist"; sourceTree = "<group>"; };
		761F94B519A639DC0075C733 /* en */ = {isa = PBXFileReference; lastKnownFileType = text.plist.strings; name = en; path = en.lproj/InfoPlist.strings; sourceTree = "<group>"; };
		761F94B719A639DC0075C733 /* iChefTests.m */ = {isa = PBXFileReference; lastKnownFileType = sourcecode.c.objc; path = iChefTests.m; sourceTree = "<group>"; };
		768EEE3719A9E559002F90A7 /* ReceptiTableViewCell.h */ = {isa = PBXFileReference; fileEncoding = 4; lastKnownFileType = sourcecode.c.h; path = ReceptiTableViewCell.h; sourceTree = "<group>"; };
		768EEE3819A9E559002F90A7 /* ReceptiTableViewCell.m */ = {isa = PBXFileReference; fileEncoding = 4; lastKnownFileType = sourcecode.c.objc; path = ReceptiTableViewCell.m; sourceTree = "<group>"; };
		768EEE3A19A9EF8D002F90A7 /* ReceptiSlatkaTableViewController.h */ = {isa = PBXFileReference; fileEncoding = 4; lastKnownFileType = sourcecode.c.h; path = ReceptiSlatkaTableViewController.h; sourceTree = "<group>"; };
		768EEE3B19A9EF8D002F90A7 /* ReceptiSlatkaTableViewController.m */ = {isa = PBXFileReference; fileEncoding = 4; lastKnownFileType = sourcecode.c.objc; path = ReceptiSlatkaTableViewController.m; sourceTree = "<group>"; };
		768EEE3D19A9EFD7002F90A7 /* ReceptiSlatkaTableViewCell.h */ = {isa = PBXFileReference; fileEncoding = 4; lastKnownFileType = sourcecode.c.h; path = ReceptiSlatkaTableViewCell.h; sourceTree = "<group>"; };
		768EEE3E19A9EFD7002F90A7 /* ReceptiSlatkaTableViewCell.m */ = {isa = PBXFileReference; fileEncoding = 4; lastKnownFileType = sourcecode.c.objc; path = ReceptiSlatkaTableViewCell.m; sourceTree = "<group>"; };
		CD91FC5D19ACAE5B00969183 /* ReceptiSlanaTableViewController.h */ = {isa = PBXFileReference; lastKnownFileType = sourcecode.c.h; path = ReceptiSlanaTableViewController.h; sourceTree = "<group>"; };
		CD91FC5E19ACAE5B00969183 /* ReceptiSlanaTableViewController.m */ = {isa = PBXFileReference; lastKnownFileType = sourcecode.c.objc; path = ReceptiSlanaTableViewController.m; sourceTree = "<group>"; };
		CD91FC6019ACEE2100969183 /* slanaDetalji.h */ = {isa = PBXFileReference; fileEncoding = 4; lastKnownFileType = sourcecode.c.h; path = slanaDetalji.h; sourceTree = "<group>"; };
		CD91FC6119ACEE2100969183 /* slanaDetalji.m */ = {isa = PBXFileReference; fileEncoding = 4; lastKnownFileType = sourcecode.c.objc; path = slanaDetalji.m; sourceTree = "<group>"; };
		CD94C47919ADF09200B948DA /* slatkaKategorijaCell.h */ = {isa = PBXFileReference; fileEncoding = 4; lastKnownFileType = sourcecode.c.h; path = slatkaKategorijaCell.h; sourceTree = "<group>"; };
		CD94C47A19ADF09200B948DA /* slatkaKategorijaCell.m */ = {isa = PBXFileReference; fileEncoding = 4; lastKnownFileType = sourcecode.c.objc; path = slatkaKategorijaCell.m; sourceTree = "<group>"; };
		CD94C47C19AE043400B948DA /* slatkaDetalji.h */ = {isa = PBXFileReference; fileEncoding = 4; lastKnownFileType = sourcecode.c.h; path = slatkaDetalji.h; sourceTree = "<group>"; };
		CD94C47D19AE043400B948DA /* slatkaDetalji.m */ = {isa = PBXFileReference; fileEncoding = 4; lastKnownFileType = sourcecode.c.objc; path = slatkaDetalji.m; sourceTree = "<group>"; };
		CD94C47F19AE0EF200B948DA /* pretraga.h */ = {isa = PBXFileReference; fileEncoding = 4; lastKnownFileType = sourcecode.c.h; path = pretraga.h; sourceTree = "<group>"; };
		CD94C48019AE0EF200B948DA /* pretraga.m */ = {isa = PBXFileReference; fileEncoding = 4; lastKnownFileType = sourcecode.c.objc; path = pretraga.m; sourceTree = "<group>"; };
		CD94C48219AE110000B948DA /* pretragaCell.h */ = {isa = PBXFileReference; fileEncoding = 4; lastKnownFileType = sourcecode.c.h; path = pretragaCell.h; sourceTree = "<group>"; };
		CD94C48319AE110000B948DA /* pretragaCell.m */ = {isa = PBXFileReference; fileEncoding = 4; lastKnownFileType = sourcecode.c.objc; path = pretragaCell.m; sourceTree = "<group>"; };
		CD94C48519AE71E100B948DA /* Jela.h */ = {isa = PBXFileReference; fileEncoding = 4; lastKnownFileType = sourcecode.c.h; path = Jela.h; sourceTree = "<group>"; };
		CD94C48619AE71E100B948DA /* Jela.m */ = {isa = PBXFileReference; fileEncoding = 4; lastKnownFileType = sourcecode.c.objc; path = Jela.m; sourceTree = "<group>"; };
		CD94C48819AE760100B948DA /* CoreData.framework */ = {isa = PBXFileReference; lastKnownFileType = wrapper.framework; name = CoreData.framework; path = System/Library/Frameworks/CoreData.framework; sourceTree = SDKROOT; };
		CDEC9CCC19AB970100A9CF53 /* slanaKategorijaCell.h */ = {isa = PBXFileReference; fileEncoding = 4; lastKnownFileType = sourcecode.c.h; path = slanaKategorijaCell.h; sourceTree = "<group>"; };
		CDEC9CCD19AB970100A9CF53 /* slanaKategorijaCell.m */ = {isa = PBXFileReference; fileEncoding = 4; lastKnownFileType = sourcecode.c.objc; path = slanaKategorijaCell.m; sourceTree = "<group>"; };
/* End PBXFileReference section */

/* Begin PBXFrameworksBuildPhase section */
		761F948319A639DC0075C733 /* Frameworks */ = {
			isa = PBXFrameworksBuildPhase;
			buildActionMask = 2147483647;
			files = (
				CD94C48A19AE767D00B948DA /* CoreData.framework in Frameworks */,
				761F948C19A639DC0075C733 /* CoreGraphics.framework in Frameworks */,
				761F948E19A639DC0075C733 /* UIKit.framework in Frameworks */,
				761F948A19A639DC0075C733 /* Foundation.framework in Frameworks */,
			);
			runOnlyForDeploymentPostprocessing = 0;
		};
		761F94A719A639DC0075C733 /* Frameworks */ = {
			isa = PBXFrameworksBuildPhase;
			buildActionMask = 2147483647;
			files = (
				CD94C48919AE760100B948DA /* CoreData.framework in Frameworks */,
				761F94AC19A639DC0075C733 /* XCTest.framework in Frameworks */,
				761F94AE19A639DC0075C733 /* UIKit.framework in Frameworks */,
				761F94AD19A639DC0075C733 /* Foundation.framework in Frameworks */,
			);
			runOnlyForDeploymentPostprocessing = 0;
		};
/* End PBXFrameworksBuildPhase section */

/* Begin PBXGroup section */
		761F947D19A639DC0075C733 = {
			isa = PBXGroup;
			children = (
				182262E319A7AF8500A4AD7F /* jelo.h */,
				182262E419A7AF8500A4AD7F /* jelo.m */,
				182262E019A7AADB00A4AD7F /* baza.xcdatamodeld */,
				CD94C48519AE71E100B948DA /* Jela.h */,
				CD94C48619AE71E100B948DA /* Jela.m */,
				761F948F19A639DC0075C733 /* iChef */,
				761F94B119A639DC0075C733 /* iChefTests */,
				761F948819A639DC0075C733 /* Frameworks */,
				761F948719A639DC0075C733 /* Products */,
			);
			sourceTree = "<group>";
		};
		761F948719A639DC0075C733 /* Products */ = {
			isa = PBXGroup;
			children = (
				761F948619A639DC0075C733 /* iChef.app */,
				761F94AA19A639DC0075C733 /* iChefTests.xctest */,
			);
			name = Products;
			sourceTree = "<group>";
		};
		761F948819A639DC0075C733 /* Frameworks */ = {
			isa = PBXGroup;
			children = (
				CD94C48819AE760100B948DA /* CoreData.framework */,
				761F948919A639DC0075C733 /* Foundation.framework */,
				761F948B19A639DC0075C733 /* CoreGraphics.framework */,
				761F948D19A639DC0075C733 /* UIKit.framework */,
				761F94AB19A639DC0075C733 /* XCTest.framework */,
			);
			name = Frameworks;
			sourceTree = "<group>";
		};
		761F948F19A639DC0075C733 /* iChef */ = {
			isa = PBXGroup;
			children = (
				761F949819A639DC0075C733 /* AppDelegate.h */,
				761F949919A639DC0075C733 /* AppDelegate.m */,
				761F949B19A639DC0075C733 /* Main.storyboard */,
				768EEE3D19A9EFD7002F90A7 /* ReceptiSlatkaTableViewCell.h */,
				768EEE3E19A9EFD7002F90A7 /* ReceptiSlatkaTableViewCell.m */,
				CD91FC5D19ACAE5B00969183 /* ReceptiSlanaTableViewController.h */,
				CD91FC5E19ACAE5B00969183 /* ReceptiSlanaTableViewController.m */,
				768EEE3A19A9EF8D002F90A7 /* ReceptiSlatkaTableViewController.h */,
				768EEE3B19A9EF8D002F90A7 /* ReceptiSlatkaTableViewController.m */,
				CDEC9CCC19AB970100A9CF53 /* slanaKategorijaCell.h */,
				CDEC9CCD19AB970100A9CF53 /* slanaKategorijaCell.m */,
				CD94C47919ADF09200B948DA /* slatkaKategorijaCell.h */,
				CD94C47A19ADF09200B948DA /* slatkaKategorijaCell.m */,
				768EEE3719A9E559002F90A7 /* ReceptiTableViewCell.h */,
				768EEE3819A9E559002F90A7 /* ReceptiTableViewCell.m */,
				761F949E19A639DC0075C733 /* FirstViewController.h */,
				761F949F19A639DC0075C733 /* FirstViewController.m */,
				761F94A119A639DC0075C733 /* SecondViewController.h */,
				761F94A219A639DC0075C733 /* SecondViewController.m */,
				761F94A419A639DC0075C733 /* Images.xcassets */,
				761F949019A639DC0075C733 /* Supporting Files */,
				CD91FC6019ACEE2100969183 /* slanaDetalji.h */,
				CD91FC6119ACEE2100969183 /* slanaDetalji.m */,
				CD94C47C19AE043400B948DA /* slatkaDetalji.h */,
				CD94C47D19AE043400B948DA /* slatkaDetalji.m */,
				CD94C47F19AE0EF200B948DA /* pretraga.h */,
				CD94C48019AE0EF200B948DA /* pretraga.m */,
				CD94C48219AE110000B948DA /* pretragaCell.h */,
				CD94C48319AE110000B948DA /* pretragaCell.m */,
			);
			path = iChef;
			sourceTree = "<group>";
		};
		761F949019A639DC0075C733 /* Supporting Files */ = {
			isa = PBXGroup;
			children = (
				761F949119A639DC0075C733 /* iChef-Info.plist */,
				761F949219A639DC0075C733 /* InfoPlist.strings */,
				761F949519A639DC0075C733 /* main.m */,
				761F949719A639DC0075C733 /* iChef-Prefix.pch */,
			);
			name = "Supporting Files";
			sourceTree = "<group>";
		};
		761F94B119A639DC0075C733 /* iChefTests */ = {
			isa = PBXGroup;
			children = (
				761F94B719A639DC0075C733 /* iChefTests.m */,
				761F94B219A639DC0075C733 /* Supporting Files */,
			);
			path = iChefTests;
			sourceTree = "<group>";
		};
		761F94B219A639DC0075C733 /* Supporting Files */ = {
			isa = PBXGroup;
			children = (
				761F94B319A639DC0075C733 /* iChefTests-Info.plist */,
				761F94B419A639DC0075C733 /* InfoPlist.strings */,
			);
			name = "Supporting Files";
			sourceTree = "<group>";
		};
/* End PBXGroup section */

/* Begin PBXNativeTarget section */
		761F948519A639DC0075C733 /* iChef */ = {
			isa = PBXNativeTarget;
			buildConfigurationList = 761F94BB19A639DC0075C733 /* Build configuration list for PBXNativeTarget "iChef" */;
			buildPhases = (
				761F948219A639DC0075C733 /* Sources */,
				761F948319A639DC0075C733 /* Frameworks */,
				761F948419A639DC0075C733 /* Resources */,
			);
			buildRules = (
			);
			dependencies = (
			);
			name = iChef;
			productName = iChef;
			productReference = 761F948619A639DC0075C733 /* iChef.app */;
			productType = "com.apple.product-type.application";
		};
		761F94A919A639DC0075C733 /* iChefTests */ = {
			isa = PBXNativeTarget;
			buildConfigurationList = 761F94BE19A639DC0075C733 /* Build configuration list for PBXNativeTarget "iChefTests" */;
			buildPhases = (
				761F94A619A639DC0075C733 /* Sources */,
				761F94A719A639DC0075C733 /* Frameworks */,
				761F94A819A639DC0075C733 /* Resources */,
			);
			buildRules = (
			);
			dependencies = (
				761F94B019A639DC0075C733 /* PBXTargetDependency */,
			);
			name = iChefTests;
			productName = iChefTests;
			productReference = 761F94AA19A639DC0075C733 /* iChefTests.xctest */;
			productType = "com.apple.product-type.bundle.unit-test";
		};
/* End PBXNativeTarget section */

/* Begin PBXProject section */
		761F947E19A639DC0075C733 /* Project object */ = {
			isa = PBXProject;
			attributes = {
				LastUpgradeCheck = 0510;
				ORGANIZATIONNAME = dzm;
				TargetAttributes = {
					761F94A919A639DC0075C733 = {
						TestTargetID = 761F948519A639DC0075C733;
					};
				};
			};
			buildConfigurationList = 761F948119A639DC0075C733 /* Build configuration list for PBXProject "iChef" */;
			compatibilityVersion = "Xcode 3.2";
			developmentRegion = English;
			hasScannedForEncodings = 0;
			knownRegions = (
				en,
				Base,
			);
			mainGroup = 761F947D19A639DC0075C733;
			productRefGroup = 761F948719A639DC0075C733 /* Products */;
			projectDirPath = "";
			projectRoot = "";
			targets = (
				761F948519A639DC0075C733 /* iChef */,
				761F94A919A639DC0075C733 /* iChefTests */,
			);
		};
/* End PBXProject section */

/* Begin PBXResourcesBuildPhase section */
		761F948419A639DC0075C733 /* Resources */ = {
			isa = PBXResourcesBuildPhase;
			buildActionMask = 2147483647;
			files = (
				761F94A519A639DC0075C733 /* Images.xcassets in Resources */,
				761F949419A639DC0075C733 /* InfoPlist.strings in Resources */,
				761F949D19A639DC0075C733 /* Main.storyboard in Resources */,
			);
			runOnlyForDeploymentPostprocessing = 0;
		};
		761F94A819A639DC0075C733 /* Resources */ = {
			isa = PBXResourcesBuildPhase;
			buildActionMask = 2147483647;
			files = (
				761F94B619A639DC0075C733 /* InfoPlist.strings in Resources */,
			);
			runOnlyForDeploymentPostprocessing = 0;
		};
/* End PBXResourcesBuildPhase section */

/* Begin PBXSourcesBuildPhase section */
		761F948219A639DC0075C733 /* Sources */ = {
			isa = PBXSourcesBuildPhase;
			buildActionMask = 2147483647;
			files = (
				CD94C48719AE71E100B948DA /* Jela.m in Sources */,
				768EEE3919A9E559002F90A7 /* ReceptiTableViewCell.m in Sources */,
				CD91FC6219ACEE2100969183 /* slanaDetalji.m in Sources */,
				CDEC9CCE19AB970100A9CF53 /* slanaKategorijaCell.m in Sources */,
				CD94C47B19ADF09200B948DA /* slatkaKategorijaCell.m in Sources */,
				CD94C47E19AE043400B948DA /* slatkaDetalji.m in Sources */,
				768EEE3C19A9EF8D002F90A7 /* ReceptiSlatkaTableViewController.m in Sources */,
				761F94A319A639DC0075C733 /* SecondViewController.m in Sources */,
				CD94C48119AE0EF200B948DA /* pretraga.m in Sources */,
				761F949A19A639DC0075C733 /* AppDelegate.m in Sources */,
				761F94A019A639DC0075C733 /* FirstViewController.m in Sources */,
				182262E219A7AADB00A4AD7F /* baza.xcdatamodeld in Sources */,
				761F949619A639DC0075C733 /* main.m in Sources */,
				768EEE3F19A9EFD7002F90A7 /* ReceptiSlatkaTableViewCell.m in Sources */,
				182262E519A7AF8500A4AD7F /* jelo.m in Sources */,
				CD91FC5F19ACE8B800969183 /* ReceptiSlanaTableViewController.m in Sources */,
				CD94C48419AE110000B948DA /* pretragaCell.m in Sources */,
			);
			runOnlyForDeploymentPostprocessing = 0;
		};
		761F94A619A639DC0075C733 /* Sources */ = {
			isa = PBXSourcesBuildPhase;
			buildActionMask = 2147483647;
			files = (
				761F94B819A639DC0075C733 /* iChefTests.m in Sources */,
			);
			runOnlyForDeploymentPostprocessing = 0;
		};
/* End PBXSourcesBuildPhase section */

/* Begin PBXTargetDependency section */
		761F94B019A639DC0075C733 /* PBXTargetDependency */ = {
			isa = PBXTargetDependency;
			target = 761F948519A639DC0075C733 /* iChef */;
			targetProxy = 761F94AF19A639DC0075C733 /* PBXContainerItemProxy */;
		};
/* End PBXTargetDependency section */

/* Begin PBXVariantGroup section */
		761F949219A639DC0075C733 /* InfoPlist.strings */ = {
			isa = PBXVariantGroup;
			children = (
				761F949319A639DC0075C733 /* en */,
			);
			name = InfoPlist.strings;
			sourceTree = "<group>";
		};
		761F949B19A639DC0075C733 /* Main.storyboard */ = {
			isa = PBXVariantGroup;
			children = (
				761F949C19A639DC0075C733 /* Base */,
			);
			name = Main.storyboard;
			sourceTree = "<group>";
		};
		761F94B419A639DC0075C733 /* InfoPlist.strings */ = {
			isa = PBXVariantGroup;
			children = (
				761F94B519A639DC0075C733 /* en */,
			);
			name = InfoPlist.strings;
			sourceTree = "<group>";
		};
/* End PBXVariantGroup section */

/* Begin XCBuildConfiguration section */
		761F94B919A639DC0075C733 /* Debug */ = {
			isa = XCBuildConfiguration;
			buildSettings = {
				ALWAYS_SEARCH_USER_PATHS = NO;
				CLANG_CXX_LANGUAGE_STANDARD = "gnu++0x";
				CLANG_CXX_LIBRARY = "libc++";
				CLANG_ENABLE_MODULES = YES;
				CLANG_ENABLE_OBJC_ARC = YES;
				CLANG_WARN_BOOL_CONVERSION = YES;
				CLANG_WARN_CONSTANT_CONVERSION = YES;
				CLANG_WARN_DIRECT_OBJC_ISA_USAGE = YES_ERROR;
				CLANG_WARN_EMPTY_BODY = YES;
				CLANG_WARN_ENUM_CONVERSION = YES;
				CLANG_WARN_INT_CONVERSION = YES;
				CLANG_WARN_OBJC_ROOT_CLASS = YES_ERROR;
				CLANG_WARN__DUPLICATE_METHOD_MATCH = YES;
				"CODE_SIGN_IDENTITY[sdk=iphoneos*]" = "iPhone Developer";
				COPY_PHASE_STRIP = NO;
				GCC_C_LANGUAGE_STANDARD = gnu99;
				GCC_DYNAMIC_NO_PIC = NO;
				GCC_OPTIMIZATION_LEVEL = 0;
				GCC_PREPROCESSOR_DEFINITIONS = (
					"DEBUG=1",
					"$(inherited)",
				);
				GCC_SYMBOLS_PRIVATE_EXTERN = NO;
				GCC_WARN_64_TO_32_BIT_CONVERSION = YES;
				GCC_WARN_ABOUT_RETURN_TYPE = YES_ERROR;
				GCC_WARN_UNDECLARED_SELECTOR = YES;
				GCC_WARN_UNINITIALIZED_AUTOS = YES_AGGRESSIVE;
				GCC_WARN_UNUSED_FUNCTION = YES;
				GCC_WARN_UNUSED_VARIABLE = YES;
				IPHONEOS_DEPLOYMENT_TARGET = 7.1;
				ONLY_ACTIVE_ARCH = YES;
				SDKROOT = iphoneos;
			};
			name = Debug;
		};
		761F94BA19A639DC0075C733 /* Release */ = {
			isa = XCBuildConfiguration;
			buildSettings = {
				ALWAYS_SEARCH_USER_PATHS = NO;
				CLANG_CXX_LANGUAGE_STANDARD = "gnu++0x";
				CLANG_CXX_LIBRARY = "libc++";
				CLANG_ENABLE_MODULES = YES;
				CLANG_ENABLE_OBJC_ARC = YES;
				CLANG_WARN_BOOL_CONVERSION = YES;
				CLANG_WARN_CONSTANT_CONVERSION = YES;
				CLANG_WARN_DIRECT_OBJC_ISA_USAGE = YES_ERROR;
				CLANG_WARN_EMPTY_BODY = YES;
				CLANG_WARN_ENUM_CONVERSION = YES;
				CLANG_WARN_INT_CONVERSION = YES;
				CLANG_WARN_OBJC_ROOT_CLASS = YES_ERROR;
				CLANG_WARN__DUPLICATE_METHOD_MATCH = YES;
				"CODE_SIGN_IDENTITY[sdk=iphoneos*]" = "iPhone Developer";
				COPY_PHASE_STRIP = YES;
				ENABLE_NS_ASSERTIONS = NO;
				GCC_C_LANGUAGE_STANDARD = gnu99;
				GCC_WARN_64_TO_32_BIT_CONVERSION = YES;
				GCC_WARN_ABOUT_RETURN_TYPE = YES_ERROR;
				GCC_WARN_UNDECLARED_SELECTOR = YES;
				GCC_WARN_UNINITIALIZED_AUTOS = YES_AGGRESSIVE;
				GCC_WARN_UNUSED_FUNCTION = YES;
				GCC_WARN_UNUSED_VARIABLE = YES;
				IPHONEOS_DEPLOYMENT_TARGET = 7.1;
				SDKROOT = iphoneos;
				VALIDATE_PRODUCT = YES;
			};
			name = Release;
		};
		761F94BC19A639DC0075C733 /* Debug */ = {
			isa = XCBuildConfiguration;
			buildSettings = {
				ASSETCATALOG_COMPILER_APPICON_NAME = AppIcon;
				ASSETCATALOG_COMPILER_LAUNCHIMAGE_NAME = LaunchImage;
				GCC_PRECOMPILE_PREFIX_HEADER = YES;
				GCC_PREFIX_HEADER = "iChef/iChef-Prefix.pch";
				INFOPLIST_FILE = "iChef/iChef-Info.plist";
				IPHONEOS_DEPLOYMENT_TARGET = 7.0;
				PRODUCT_NAME = "$(TARGET_NAME)";
				TARGETED_DEVICE_FAMILY = 1;
				WRAPPER_EXTENSION = app;
			};
			name = Debug;
		};
		761F94BD19A639DC0075C733 /* Release */ = {
			isa = XCBuildConfiguration;
			buildSettings = {
				ASSETCATALOG_COMPILER_APPICON_NAME = AppIcon;
				ASSETCATALOG_COMPILER_LAUNCHIMAGE_NAME = LaunchImage;
				GCC_PRECOMPILE_PREFIX_HEADER = YES;
				GCC_PREFIX_HEADER = "iChef/iChef-Prefix.pch";
				INFOPLIST_FILE = "iChef/iChef-Info.plist";
				IPHONEOS_DEPLOYMENT_TARGET = 7.0;
				PRODUCT_NAME = "$(TARGET_NAME)";
				TARGETED_DEVICE_FAMILY = 1;
				WRAPPER_EXTENSION = app;
			};
			name = Release;
		};
		761F94BF19A639DC0075C733 /* Debug */ = {
			isa = XCBuildConfiguration;
			buildSettings = {
				BUNDLE_LOADER = "$(BUILT_PRODUCTS_DIR)/iChef.app/iChef";
				FRAMEWORK_SEARCH_PATHS = (
					"$(SDKROOT)/Developer/Library/Frameworks",
					"$(inherited)",
					"$(DEVELOPER_FRAMEWORKS_DIR)",
				);
				GCC_PRECOMPILE_PREFIX_HEADER = YES;
				GCC_PREFIX_HEADER = "iChef/iChef-Prefix.pch";
				GCC_PREPROCESSOR_DEFINITIONS = (
					"DEBUG=1",
					"$(inherited)",
				);
				INFOPLIST_FILE = "iChefTests/iChefTests-Info.plist";
				IPHONEOS_DEPLOYMENT_TARGET = 7.0;
				PRODUCT_NAME = "$(TARGET_NAME)";
				TEST_HOST = "$(BUNDLE_LOADER)";
				WRAPPER_EXTENSION = xctest;
			};
			name = Debug;
		};
		761F94C019A639DC0075C733 /* Release */ = {
			isa = XCBuildConfiguration;
			buildSettings = {
				BUNDLE_LOADER = "$(BUILT_PRODUCTS_DIR)/iChef.app/iChef";
				FRAMEWORK_SEARCH_PATHS = (
					"$(SDKROOT)/Developer/Library/Frameworks",
					"$(inherited)",
					"$(DEVELOPER_FRAMEWORKS_DIR)",
				);
				GCC_PRECOMPILE_PREFIX_HEADER = YES;
				GCC_PREFIX_HEADER = "iChef/iChef-Prefix.pch";
				INFOPLIST_FILE = "iChefTests/iChefTests-Info.plist";
				IPHONEOS_DEPLOYMENT_TARGET = 7.0;
				PRODUCT_NAME = "$(TARGET_NAME)";
				TEST_HOST = "$(BUNDLE_LOADER)";
				WRAPPER_EXTENSION = xctest;
			};
			name = Release;
		};
/* End XCBuildConfiguration section */

/* Begin XCConfigurationList section */
		761F948119A639DC0075C733 /* Build configuration list for PBXProject "iChef" */ = {
			isa = XCConfigurationList;
			buildConfigurations = (
				761F94B919A639DC0075C733 /* Debug */,
				761F94BA19A639DC0075C733 /* Release */,
			);
			defaultConfigurationIsVisible = 0;
			defaultConfigurationName = Release;
		};
		761F94BB19A639DC0075C733 /* Build configuration list for PBXNativeTarget "iChef" */ = {
			isa = XCConfigurationList;
			buildConfigurations = (
				761F94BC19A639DC0075C733 /* Debug */,
				761F94BD19A639DC0075C733 /* Release */,
			);
			defaultConfigurationIsVisible = 0;
			defaultConfigurationName = Release;
		};
		761F94BE19A639DC0075C733 /* Build configuration list for PBXNativeTarget "iChefTests" */ = {
			isa = XCConfigurationList;
			buildConfigurations = (
				761F94BF19A639DC0075C733 /* Debug */,
				761F94C019A639DC0075C733 /* Release */,
			);
			defaultConfigurationIsVisible = 0;
			defaultConfigurationName = Release;
		};
/* End XCConfigurationList section */

/* Begin XCVersionGroup section */
		182262E019A7AADB00A4AD7F /* baza.xcdatamodeld */ = {
			isa = XCVersionGroup;
			children = (
				182262E119A7AADB00A4AD7F /* baza.xcdatamodel */,
			);
			currentVersion = 182262E119A7AADB00A4AD7F /* baza.xcdatamodel */;
			path = baza.xcdatamodeld;
			sourceTree = "<group>";
			versionGroupType = wrapper.xcdatamodel;
		};
/* End XCVersionGroup section */
	};
	rootObject = 761F947E19A639DC0075C733 /* Project object */;
}
